PODS:
  - CHTCollectionViewWaterfallLayout (0.9.10):
    - CHTCollectionViewWaterfallLayout/Swift (= 0.9.10)
  - CHTCollectionViewWaterfallLayout/Swift (0.9.10)
  - PryntTrimmerView (4.0.2)
  - SteviaLayout (5.1.2)
  - XLPagerTabStrip (9.0.0)
  - YPImagePicker (5.2.2):
    - PryntTrimmerView (= 4.0.2)
    - SteviaLayout (= 5.1.2)

DEPENDENCIES:
  - CHTCollectionViewWaterfallLayout
  - XLPagerTabStrip (~> 9.0)
  - YPImagePicker

SPEC REPOS:
  trunk:
    - CHTCollectionViewWaterfallLayout
    - PryntTrimmerView
    - SteviaLayout
    - XLPagerTabStrip
    - YPImagePicker

SPEC CHECKSUMS:
  CHTCollectionViewWaterfallLayout: b989a459788d7657ac010e03bc0f7eedca95a420
  PryntTrimmerView: 6a43cc90df5d99addeabd33d4ba09b1365322130
  SteviaLayout: 05424e528d643657d39ce72c786e4adf13cfc5f2
  XLPagerTabStrip: 61c57fd61f611ee5f01ff1495ad6fbee8bf496c5
  YPImagePicker: afc81b3cffab05a6e7261c5daf80dc31b4e917b4

PODFILE CHECKSUM: b045fcaad69bcfa3e256745965096a50e31e6da6

COCOAPODS: 1.11.3
