// !$*UTF8*$!
{
	archiveVersion = 1;
	classes = {
	};
	objectVersion = 56;
	objects = {

/* Begin PBXBuildFile section */
		040A733E2A64DE4F00ACA108 /* AppDelegate.swift in Sources */ = {isa = PBXBuildFile; fileRef = 040A733D2A64DE4F00ACA108 /* AppDelegate.swift */; };
		040A73402A64DE4F00ACA108 /* SceneDelegate.swift in Sources */ = {isa = PBXBuildFile; fileRef = 040A733F2A64DE4F00ACA108 /* SceneDelegate.swift */; };
		040A73452A64DE4F00ACA108 /* Main.storyboard in Resources */ = {isa = PBXBuildFile; fileRef = 040A73432A64DE4F00ACA108 /* Main.storyboard */; };
		040A73482A64DE4F00ACA108 /* PinkBookTest.xcdatamodeld in Sources */ = {isa = PBXBuildFile; fileRef = 040A73462A64DE4F00ACA108 /* PinkBookTest.xcdatamodeld */; };
		040A734A2A64DE5000ACA108 /* Assets.xcassets in Resources */ = {isa = PBXBuildFile; fileRef = 040A73492A64DE5000ACA108 /* Assets.xcassets */; };
		040A734D2A64DE5000ACA108 /* LaunchScreen.storyboard in Resources */ = {isa = PBXBuildFile; fileRef = 040A734B2A64DE5000ACA108 /* LaunchScreen.storyboard */; };
		04120EC92B4FBFD60092820B /* PostViewController.swift in Sources */ = {isa = PBXBuildFile; fileRef = 04120EC82B4FBFD60092820B /* PostViewController.swift */; };
		043541982BC383B600D1ED2D /* NoteEditViewController.swift in Sources */ = {isa = PBXBuildFile; fileRef = 043541972BC383B600D1ED2D /* NoteEditViewController.swift */; };
		0435419A2BC384A700D1ED2D /* PhotoItem.swift in Sources */ = {isa = PBXBuildFile; fileRef = 043541992BC384A700D1ED2D /* PhotoItem.swift */; };
		0435419E2BC394C500D1ED2D /* PhotoFooter.swift in Sources */ = {isa = PBXBuildFile; fileRef = 0435419D2BC394C500D1ED2D /* PhotoFooter.swift */; };
		043541A12BC4E2AA00D1ED2D /* Extensions.swift in Sources */ = {isa = PBXBuildFile; fileRef = 043541A02BC4E2AA00D1ED2D /* Extensions.swift */; };
		044904BF2B4E68AA00BCD774 /* TabBarViewController.swift in Sources */ = {isa = PBXBuildFile; fileRef = 044904BE2B4E68AA00BCD774 /* TabBarViewController.swift */; };
		04503CEB2A64E33300398E3D /* HomeViewController.swift in Sources */ = {isa = PBXBuildFile; fileRef = 04503CEA2A64E33300398E3D /* HomeViewController.swift */; };
		04503CEE2A64E60500398E3D /* ColorExtension.swift in Sources */ = {isa = PBXBuildFile; fileRef = 04503CED2A64E60500398E3D /* ColorExtension.swift */; };
		04503CF02A64EB5400398E3D /* FollowViewController.swift in Sources */ = {isa = PBXBuildFile; fileRef = 04503CEF2A64EB5400398E3D /* FollowViewController.swift */; };
		04503CF22A64EB7500398E3D /* DiscoveryViewController.swift in Sources */ = {isa = PBXBuildFile; fileRef = 04503CF12A64EB7500398E3D /* DiscoveryViewController.swift */; };
		04503CF42A64EB8C00398E3D /* NearByViewController.swift in Sources */ = {isa = PBXBuildFile; fileRef = 04503CF32A64EB8C00398E3D /* NearByViewController.swift */; };
		04503CF62A64ED1C00398E3D /* Constants.swift in Sources */ = {isa = PBXBuildFile; fileRef = 04503CF52A64ED1C00398E3D /* Constants.swift */; };
		04503CF82A64F7AD00398E3D /* WaterfallCollectionViewController.swift in Sources */ = {isa = PBXBuildFile; fileRef = 04503CF72A64F7AD00398E3D /* WaterfallCollectionViewController.swift */; };
		04503CFA2A64FA6200398E3D /* WaterfallCollectionViewCell.swift in Sources */ = {isa = PBXBuildFile; fileRef = 04503CF92A64FA6200398E3D /* WaterfallCollectionViewCell.swift */; };
		04710F532BD15D2300D80988 /* POIViewController.swift in Sources */ = {isa = PBXBuildFile; fileRef = 04710F522BD15D2300D80988 /* POIViewController.swift */; };
		047BDD632BD5F17A00774027 /* POICell.swift in Sources */ = {isa = PBXBuildFile; fileRef = 047BDD622BD5F17A00774027 /* POICell.swift */; };
		04A05F592BCD5FEE005AB31C /* testVideo.mp4 in Resources */ = {isa = PBXBuildFile; fileRef = 04A05F582BCD5FEE005AB31C /* testVideo.mp4 */; };
		04A05F5B2BCF9B3E005AB31C /* LimitedTextView.swift in Sources */ = {isa = PBXBuildFile; fileRef = 04A05F5A2BCF9B3D005AB31C /* LimitedTextView.swift */; };
		04A05F5D2BCFB547005AB31C /* TextViewAccessoryView.xib in Resources */ = {isa = PBXBuildFile; fileRef = 04A05F5C2BCFB547005AB31C /* TextViewAccessoryView.xib */; };
		04A05F5F2BCFB5AE005AB31C /* TextViewAccessoryView.swift in Sources */ = {isa = PBXBuildFile; fileRef = 04A05F5E2BCFB5AE005AB31C /* TextViewAccessoryView.swift */; };
		04A05F632BD0EC2C005AB31C /* ChannelViewController.swift in Sources */ = {isa = PBXBuildFile; fileRef = 04A05F622BD0EC2C005AB31C /* ChannelViewController.swift */; };
		04A05F652BD0ECD0005AB31C /* ChannelTableViewController.swift in Sources */ = {isa = PBXBuildFile; fileRef = 04A05F642BD0ECD0005AB31C /* ChannelTableViewController.swift */; };
		04D97F2F2BDE14FD00DFE5F7 /* DraftNoteWaterfallCell.swift in Sources */ = {isa = PBXBuildFile; fileRef = 04D97F2E2BDE14FD00DFE5F7 /* DraftNoteWaterfallCell.swift */; };
		FCCB7214E6B08AE1FA60044F /* Pods_PinkBookTest.framework in Frameworks */ = {isa = PBXBuildFile; fileRef = B89E742BF63EE31055AA1D12 /* Pods_PinkBookTest.framework */; };
/* End PBXBuildFile section */

/* Begin PBXFileReference section */
		03F5F096C945B670865C314C /* Pods-PinkBookTest.debug.xcconfig */ = {isa = PBXFileReference; includeInIndex = 1; lastKnownFileType = text.xcconfig; name = "Pods-PinkBookTest.debug.xcconfig"; path = "Target Support Files/Pods-PinkBookTest/Pods-PinkBookTest.debug.xcconfig"; sourceTree = "<group>"; };
		040A733A2A64DE4F00ACA108 /* PinkBookTest.app */ = {isa = PBXFileReference; explicitFileType = wrapper.application; includeInIndex = 0; path = PinkBookTest.app; sourceTree = BUILT_PRODUCTS_DIR; };
		040A733D2A64DE4F00ACA108 /* AppDelegate.swift */ = {isa = PBXFileReference; lastKnownFileType = sourcecode.swift; path = AppDelegate.swift; sourceTree = "<group>"; };
		040A733F2A64DE4F00ACA108 /* SceneDelegate.swift */ = {isa = PBXFileReference; lastKnownFileType = sourcecode.swift; path = SceneDelegate.swift; sourceTree = "<group>"; };
		040A73442A64DE4F00ACA108 /* Base */ = {isa = PBXFileReference; lastKnownFileType = file.storyboard; name = Base; path = Base.lproj/Main.storyboard; sourceTree = "<group>"; };
		040A73472A64DE4F00ACA108 /* PinkBookTest.xcdatamodel */ = {isa = PBXFileReference; lastKnownFileType = wrapper.xcdatamodel; path = PinkBookTest.xcdatamodel; sourceTree = "<group>"; };
		040A73492A64DE5000ACA108 /* Assets.xcassets */ = {isa = PBXFileReference; lastKnownFileType = folder.assetcatalog; path = Assets.xcassets; sourceTree = "<group>"; };
		040A734C2A64DE5000ACA108 /* Base */ = {isa = PBXFileReference; lastKnownFileType = file.storyboard; name = Base; path = Base.lproj/LaunchScreen.storyboard; sourceTree = "<group>"; };
		040A734E2A64DE5000ACA108 /* Info.plist */ = {isa = PBXFileReference; lastKnownFileType = text.plist.xml; path = Info.plist; sourceTree = "<group>"; };
		04120EC82B4FBFD60092820B /* PostViewController.swift */ = {isa = PBXFileReference; lastKnownFileType = sourcecode.swift; path = PostViewController.swift; sourceTree = "<group>"; };
		04120ECA2B4FC8A50092820B /* zh-Hans */ = {isa = PBXFileReference; lastKnownFileType = text.plist.strings; name = "zh-Hans"; path = "zh-Hans.lproj/Main.strings"; sourceTree = "<group>"; };
		04120ECB2B4FC8A50092820B /* zh-Hans */ = {isa = PBXFileReference; lastKnownFileType = text.plist.strings; name = "zh-Hans"; path = "zh-Hans.lproj/LaunchScreen.strings"; sourceTree = "<group>"; };
		043541972BC383B600D1ED2D /* NoteEditViewController.swift */ = {isa = PBXFileReference; lastKnownFileType = sourcecode.swift; path = NoteEditViewController.swift; sourceTree = "<group>"; };
		043541992BC384A700D1ED2D /* PhotoItem.swift */ = {isa = PBXFileReference; lastKnownFileType = sourcecode.swift; path = PhotoItem.swift; sourceTree = "<group>"; };
		0435419D2BC394C500D1ED2D /* PhotoFooter.swift */ = {isa = PBXFileReference; lastKnownFileType = sourcecode.swift; path = PhotoFooter.swift; sourceTree = "<group>"; };
		0435419F2BC4E08A00D1ED2D /* PinkBookTest-Bridging-Header.h */ = {isa = PBXFileReference; lastKnownFileType = sourcecode.c.h; path = "PinkBookTest-Bridging-Header.h"; sourceTree = "<group>"; };
		043541A02BC4E2AA00D1ED2D /* Extensions.swift */ = {isa = PBXFileReference; lastKnownFileType = sourcecode.swift; path = Extensions.swift; sourceTree = "<group>"; };
		044904BE2B4E68AA00BCD774 /* TabBarViewController.swift */ = {isa = PBXFileReference; lastKnownFileType = sourcecode.swift; path = TabBarViewController.swift; sourceTree = "<group>"; };
		04503CEA2A64E33300398E3D /* HomeViewController.swift */ = {isa = PBXFileReference; lastKnownFileType = sourcecode.swift; path = HomeViewController.swift; sourceTree = "<group>"; };
		04503CED2A64E60500398E3D /* ColorExtension.swift */ = {isa = PBXFileReference; lastKnownFileType = sourcecode.swift; path = ColorExtension.swift; sourceTree = "<group>"; };
		04503CEF2A64EB5400398E3D /* FollowViewController.swift */ = {isa = PBXFileReference; lastKnownFileType = sourcecode.swift; path = FollowViewController.swift; sourceTree = "<group>"; };
		04503CF12A64EB7500398E3D /* DiscoveryViewController.swift */ = {isa = PBXFileReference; lastKnownFileType = sourcecode.swift; path = DiscoveryViewController.swift; sourceTree = "<group>"; };
		04503CF32A64EB8C00398E3D /* NearByViewController.swift */ = {isa = PBXFileReference; lastKnownFileType = sourcecode.swift; path = NearByViewController.swift; sourceTree = "<group>"; };
		04503CF52A64ED1C00398E3D /* Constants.swift */ = {isa = PBXFileReference; lastKnownFileType = sourcecode.swift; path = Constants.swift; sourceTree = "<group>"; };
		04503CF72A64F7AD00398E3D /* WaterfallCollectionViewController.swift */ = {isa = PBXFileReference; lastKnownFileType = sourcecode.swift; path = WaterfallCollectionViewController.swift; sourceTree = "<group>"; };
		04503CF92A64FA6200398E3D /* WaterfallCollectionViewCell.swift */ = {isa = PBXFileReference; lastKnownFileType = sourcecode.swift; path = WaterfallCollectionViewCell.swift; sourceTree = "<group>"; };
		04710F522BD15D2300D80988 /* POIViewController.swift */ = {isa = PBXFileReference; lastKnownFileType = sourcecode.swift; path = POIViewController.swift; sourceTree = "<group>"; };
		047BDD622BD5F17A00774027 /* POICell.swift */ = {isa = PBXFileReference; lastKnownFileType = sourcecode.swift; path = POICell.swift; sourceTree = "<group>"; };
		04A05F582BCD5FEE005AB31C /* testVideo.mp4 */ = {isa = PBXFileReference; lastKnownFileType = file; path = testVideo.mp4; sourceTree = "<group>"; };
		04A05F5A2BCF9B3D005AB31C /* LimitedTextView.swift */ = {isa = PBXFileReference; lastKnownFileType = sourcecode.swift; path = LimitedTextView.swift; sourceTree = "<group>"; };
		04A05F5C2BCFB547005AB31C /* TextViewAccessoryView.xib */ = {isa = PBXFileReference; lastKnownFileType = file.xib; path = TextViewAccessoryView.xib; sourceTree = "<group>"; };
		04A05F5E2BCFB5AE005AB31C /* TextViewAccessoryView.swift */ = {isa = PBXFileReference; lastKnownFileType = sourcecode.swift; path = TextViewAccessoryView.swift; sourceTree = "<group>"; };
		04A05F622BD0EC2C005AB31C /* ChannelViewController.swift */ = {isa = PBXFileReference; lastKnownFileType = sourcecode.swift; path = ChannelViewController.swift; sourceTree = "<group>"; };
		04A05F642BD0ECD0005AB31C /* ChannelTableViewController.swift */ = {isa = PBXFileReference; lastKnownFileType = sourcecode.swift; path = ChannelTableViewController.swift; sourceTree = "<group>"; };
		04D97F2E2BDE14FD00DFE5F7 /* DraftNoteWaterfallCell.swift */ = {isa = PBXFileReference; lastKnownFileType = sourcecode.swift; path = DraftNoteWaterfallCell.swift; sourceTree = "<group>"; };
		04F60FCE2BDA54450090F293 /* README.md */ = {isa = PBXFileReference; lastKnownFileType = net.daringfireball.markdown; path = README.md; sourceTree = "<group>"; };
		0D4405C302770CF9B31FC395 /* Pods-PinkBookTest.release.xcconfig */ = {isa = PBXFileReference; includeInIndex = 1; lastKnownFileType = text.xcconfig; name = "Pods-PinkBookTest.release.xcconfig"; path = "Target Support Files/Pods-PinkBookTest/Pods-PinkBookTest.release.xcconfig"; sourceTree = "<group>"; };
		B89E742BF63EE31055AA1D12 /* Pods_PinkBookTest.framework */ = {isa = PBXFileReference; explicitFileType = wrapper.framework; includeInIndex = 0; path = Pods_PinkBookTest.framework; sourceTree = BUILT_PRODUCTS_DIR; };
/* End PBXFileReference section */

/* Begin PBXFrameworksBuildPhase section */
		040A73372A64DE4F00ACA108 /* Frameworks */ = {
			isa = PBXFrameworksBuildPhase;
			buildActionMask = 2147483647;
			files = (
				FCCB7214E6B08AE1FA60044F /* Pods_PinkBookTest.framework in Frameworks */,
			);
			runOnlyForDeploymentPostprocessing = 0;
		};
/* End PBXFrameworksBuildPhase section */

/* Begin PBXGroup section */
		040A73312A64DE4F00ACA108 = {
			isa = PBXGroup;
			children = (
				040A733C2A64DE4F00ACA108 /* PinkBookTest */,
				040A733B2A64DE4F00ACA108 /* Products */,
				2129CC31858B7549C488EF7F /* Pods */,
				4420DAB1FD61B05D4C56774A /* Frameworks */,
			);
			sourceTree = "<group>";
		};
		040A733B2A64DE4F00ACA108 /* Products */ = {
			isa = PBXGroup;
			children = (
				040A733A2A64DE4F00ACA108 /* PinkBookTest.app */,
			);
			name = Products;
			sourceTree = "<group>";
		};
		040A733C2A64DE4F00ACA108 /* PinkBookTest */ = {
			isa = PBXGroup;
			children = (
				040A733F2A64DE4F00ACA108 /* SceneDelegate.swift */,
				040A733D2A64DE4F00ACA108 /* AppDelegate.swift */,
				040A73432A64DE4F00ACA108 /* Main.storyboard */,
				04503CEC2A64E5CA00398E3D /* Common */,
				04503CDA2A64E22300398E3D /* Me */,
				04503CD92A64E21C00398E3D /* Message */,
				04503CD82A64E21600398E3D /* Plus */,
				04503CD72A64E20D00398E3D /* Cart */,
				04503CD62A64E19900398E3D /* Home */,
				040A73492A64DE5000ACA108 /* Assets.xcassets */,
				040A734B2A64DE5000ACA108 /* LaunchScreen.storyboard */,
				040A734E2A64DE5000ACA108 /* Info.plist */,
				040A73462A64DE4F00ACA108 /* PinkBookTest.xcdatamodeld */,
				0435419F2BC4E08A00D1ED2D /* PinkBookTest-Bridging-Header.h */,
				04A05F582BCD5FEE005AB31C /* testVideo.mp4 */,
				04F60FCE2BDA54450090F293 /* README.md */,
			);
			path = PinkBookTest;
			sourceTree = "<group>";
		};
		04503CD62A64E19900398E3D /* Home */ = {
			isa = PBXGroup;
			children = (
				04503CDD2A64E27400398E3D /* Controller */,
				04503CDC2A64E26D00398E3D /* View */,
				04503CDB2A64E26300398E3D /* Model */,
			);
			path = Home;
			sourceTree = "<group>";
		};
		04503CD72A64E20D00398E3D /* Cart */ = {
			isa = PBXGroup;
			children = (
				04503CE02A64E28700398E3D /* Controller */,
				04503CDF2A64E28200398E3D /* View */,
				04503CDE2A64E27C00398E3D /* Model */,
			);
			path = Cart;
			sourceTree = "<group>";
		};
		04503CD82A64E21600398E3D /* Plus */ = {
			isa = PBXGroup;
			children = (
				04503CE32A64E29C00398E3D /* Controller */,
				04503CE22A64E29600398E3D /* View */,
				04503CE12A64E29100398E3D /* Model */,
			);
			path = Plus;
			sourceTree = "<group>";
		};
		04503CD92A64E21C00398E3D /* Message */ = {
			isa = PBXGroup;
			children = (
				04503CE62A64E2B000398E3D /* Controller */,
				04503CE52A64E2AA00398E3D /* Model */,
				04503CE42A64E2A400398E3D /* View */,
			);
			path = Message;
			sourceTree = "<group>";
		};
		04503CDA2A64E22300398E3D /* Me */ = {
			isa = PBXGroup;
			children = (
				04503CE92A64E2CB00398E3D /* Controller */,
				04503CE82A64E2C100398E3D /* View */,
				04503CE72A64E2BC00398E3D /* Model */,
			);
			path = Me;
			sourceTree = "<group>";
		};
		04503CDB2A64E26300398E3D /* Model */ = {
			isa = PBXGroup;
			children = (
			);
			path = Model;
			sourceTree = "<group>";
		};
		04503CDC2A64E26D00398E3D /* View */ = {
			isa = PBXGroup;
			children = (
				04D97F2E2BDE14FD00DFE5F7 /* DraftNoteWaterfallCell.swift */,
				04503CF92A64FA6200398E3D /* WaterfallCollectionViewCell.swift */,
			);
			path = View;
			sourceTree = "<group>";
		};
		04503CDD2A64E27400398E3D /* Controller */ = {
			isa = PBXGroup;
			children = (
				04503CEA2A64E33300398E3D /* HomeViewController.swift */,
				04503CF12A64EB7500398E3D /* DiscoveryViewController.swift */,
				04503CEF2A64EB5400398E3D /* FollowViewController.swift */,
				04503CF32A64EB8C00398E3D /* NearByViewController.swift */,
				04503CF72A64F7AD00398E3D /* WaterfallCollectionViewController.swift */,
			);
			path = Controller;
			sourceTree = "<group>";
		};
		04503CDE2A64E27C00398E3D /* Model */ = {
			isa = PBXGroup;
			children = (
			);
			path = Model;
			sourceTree = "<group>";
		};
		04503CDF2A64E28200398E3D /* View */ = {
			isa = PBXGroup;
			children = (
			);
			path = View;
			sourceTree = "<group>";
		};
		04503CE02A64E28700398E3D /* Controller */ = {
			isa = PBXGroup;
			children = (
			);
			path = Controller;
			sourceTree = "<group>";
		};
		04503CE12A64E29100398E3D /* Model */ = {
			isa = PBXGroup;
			children = (
			);
			path = Model;
			sourceTree = "<group>";
		};
		04503CE22A64E29600398E3D /* View */ = {
			isa = PBXGroup;
			children = (
				043541992BC384A700D1ED2D /* PhotoItem.swift */,
				0435419D2BC394C500D1ED2D /* PhotoFooter.swift */,
				04A05F5E2BCFB5AE005AB31C /* TextViewAccessoryView.swift */,
				04A05F5C2BCFB547005AB31C /* TextViewAccessoryView.xib */,
				047BDD622BD5F17A00774027 /* POICell.swift */,
			);
			path = View;
			sourceTree = "<group>";
		};
		04503CE32A64E29C00398E3D /* Controller */ = {
			isa = PBXGroup;
			children = (
				04120EC82B4FBFD60092820B /* PostViewController.swift */,
				043541972BC383B600D1ED2D /* NoteEditViewController.swift */,
				04A05F622BD0EC2C005AB31C /* ChannelViewController.swift */,
				04A05F642BD0ECD0005AB31C /* ChannelTableViewController.swift */,
				04710F522BD15D2300D80988 /* POIViewController.swift */,
			);
			path = Controller;
			sourceTree = "<group>";
		};
		04503CE42A64E2A400398E3D /* View */ = {
			isa = PBXGroup;
			children = (
			);
			path = View;
			sourceTree = "<group>";
		};
		04503CE52A64E2AA00398E3D /* Model */ = {
			isa = PBXGroup;
			children = (
			);
			path = Model;
			sourceTree = "<group>";
		};
		04503CE62A64E2B000398E3D /* Controller */ = {
			isa = PBXGroup;
			children = (
			);
			path = Controller;
			sourceTree = "<group>";
		};
		04503CE72A64E2BC00398E3D /* Model */ = {
			isa = PBXGroup;
			children = (
			);
			path = Model;
			sourceTree = "<group>";
		};
		04503CE82A64E2C100398E3D /* View */ = {
			isa = PBXGroup;
			children = (
			);
			path = View;
			sourceTree = "<group>";
		};
		04503CE92A64E2CB00398E3D /* Controller */ = {
			isa = PBXGroup;
			children = (
			);
			path = Controller;
			sourceTree = "<group>";
		};
		04503CEC2A64E5CA00398E3D /* Common */ = {
			isa = PBXGroup;
			children = (
				04503CF52A64ED1C00398E3D /* Constants.swift */,
				044904BE2B4E68AA00BCD774 /* TabBarViewController.swift */,
				04503CED2A64E60500398E3D /* ColorExtension.swift */,
				043541A02BC4E2AA00D1ED2D /* Extensions.swift */,
				04A05F5A2BCF9B3D005AB31C /* LimitedTextView.swift */,
			);
			path = Common;
			sourceTree = "<group>";
		};
		2129CC31858B7549C488EF7F /* Pods */ = {
			isa = PBXGroup;
			children = (
				03F5F096C945B670865C314C /* Pods-PinkBookTest.debug.xcconfig */,
				0D4405C302770CF9B31FC395 /* Pods-PinkBookTest.release.xcconfig */,
			);
			path = Pods;
			sourceTree = "<group>";
		};
		4420DAB1FD61B05D4C56774A /* Frameworks */ = {
			isa = PBXGroup;
			children = (
				B89E742BF63EE31055AA1D12 /* Pods_PinkBookTest.framework */,
			);
			name = Frameworks;
			sourceTree = "<group>";
		};
/* End PBXGroup section */

/* Begin PBXNativeTarget section */
		040A73392A64DE4F00ACA108 /* PinkBookTest */ = {
			isa = PBXNativeTarget;
			buildConfigurationList = 040A73512A64DE5000ACA108 /* Build configuration list for PBXNativeTarget "PinkBookTest" */;
			buildPhases = (
				FD1F94D7CEA575DBF2FF48BD /* [CP] Check Pods Manifest.lock */,
				040A73362A64DE4F00ACA108 /* Sources */,
				040A73372A64DE4F00ACA108 /* Frameworks */,
				040A73382A64DE4F00ACA108 /* Resources */,
				E67E023538427564ACD6E61B /* [CP] Embed Pods Frameworks */,
			);
			buildRules = (
			);
			dependencies = (
			);
			name = PinkBookTest;
			productName = PinkBookTest;
			productReference = 040A733A2A64DE4F00ACA108 /* PinkBookTest.app */;
			productType = "com.apple.product-type.application";
		};
/* End PBXNativeTarget section */

/* Begin PBXProject section */
		040A73322A64DE4F00ACA108 /* Project object */ = {
			isa = PBXProject;
			attributes = {
				BuildIndependentTargetsInParallel = 1;
				LastSwiftUpdateCheck = 1430;
				LastUpgradeCheck = 1500;
				TargetAttributes = {
					040A73392A64DE4F00ACA108 = {
						CreatedOnToolsVersion = 14.3.1;
					};
				};
			};
			buildConfigurationList = 040A73352A64DE4F00ACA108 /* Build configuration list for PBXProject "PinkBookTest" */;
			compatibilityVersion = "Xcode 14.0";
			developmentRegion = en;
			hasScannedForEncodings = 0;
			knownRegions = (
				en,
				Base,
				"zh-Hans",
			);
			mainGroup = 040A73312A64DE4F00ACA108;
			productRefGroup = 040A733B2A64DE4F00ACA108 /* Products */;
			projectDirPath = "";
			projectRoot = "";
			targets = (
				040A73392A64DE4F00ACA108 /* PinkBookTest */,
			);
		};
/* End PBXProject section */

/* Begin PBXResourcesBuildPhase section */
		040A73382A64DE4F00ACA108 /* Resources */ = {
			isa = PBXResourcesBuildPhase;
			buildActionMask = 2147483647;
			files = (
				040A734D2A64DE5000ACA108 /* LaunchScreen.storyboard in Resources */,
				040A734A2A64DE5000ACA108 /* Assets.xcassets in Resources */,
				04A05F5D2BCFB547005AB31C /* TextViewAccessoryView.xib in Resources */,
				040A73452A64DE4F00ACA108 /* Main.storyboard in Resources */,
				04A05F592BCD5FEE005AB31C /* testVideo.mp4 in Resources */,
			);
			runOnlyForDeploymentPostprocessing = 0;
		};
/* End PBXResourcesBuildPhase section */

/* Begin PBXShellScriptBuildPhase section */
		E67E023538427564ACD6E61B /* [CP] Embed Pods Frameworks */ = {
			isa = PBXShellScriptBuildPhase;
			buildActionMask = 2147483647;
			files = (
			);
			inputFileListPaths = (
				"${PODS_ROOT}/Target Support Files/Pods-PinkBookTest/Pods-PinkBookTest-frameworks-${CONFIGURATION}-input-files.xcfilelist",
			);
			name = "[CP] Embed Pods Frameworks";
			outputFileListPaths = (
				"${PODS_ROOT}/Target Support Files/Pods-PinkBookTest/Pods-PinkBookTest-frameworks-${CONFIGURATION}-output-files.xcfilelist",
			);
			runOnlyForDeploymentPostprocessing = 0;
			shellPath = /bin/sh;
			shellScript = "\"${PODS_ROOT}/Target Support Files/Pods-PinkBookTest/Pods-PinkBookTest-frameworks.sh\"\n";
			showEnvVarsInLog = 0;
		};
		FD1F94D7CEA575DBF2FF48BD /* [CP] Check Pods Manifest.lock */ = {
			isa = PBXShellScriptBuildPhase;
			buildActionMask = 2147483647;
			files = (
			);
			inputFileListPaths = (
			);
			inputPaths = (
				"${PODS_PODFILE_DIR_PATH}/Podfile.lock",
				"${PODS_ROOT}/Manifest.lock",
			);
			name = "[CP] Check Pods Manifest.lock";
			outputFileListPaths = (
			);
			outputPaths = (
				"$(DERIVED_FILE_DIR)/Pods-PinkBookTest-checkManifestLockResult.txt",
			);
			runOnlyForDeploymentPostprocessing = 0;
			shellPath = /bin/sh;
			shellScript = "diff \"${PODS_PODFILE_DIR_PATH}/Podfile.lock\" \"${PODS_ROOT}/Manifest.lock\" > /dev/null\nif [ $? != 0 ] ; then\n    # print error to STDERR\n    echo \"error: The sandbox is not in sync with the Podfile.lock. Run 'pod install' or update your CocoaPods installation.\" >&2\n    exit 1\nfi\n# This output is used by Xcode 'outputs' to avoid re-running this script phase.\necho \"SUCCESS\" > \"${SCRIPT_OUTPUT_FILE_0}\"\n";
			showEnvVarsInLog = 0;
		};
/* End PBXShellScriptBuildPhase section */

/* Begin PBXSourcesBuildPhase section */
		040A73362A64DE4F00ACA108 /* Sources */ = {
			isa = PBXSourcesBuildPhase;
			buildActionMask = 2147483647;
			files = (
				0435419E2BC394C500D1ED2D /* PhotoFooter.swift in Sources */,
				04503CFA2A64FA6200398E3D /* WaterfallCollectionViewCell.swift in Sources */,
				04A05F652BD0ECD0005AB31C /* ChannelTableViewController.swift in Sources */,
				040A733E2A64DE4F00ACA108 /* AppDelegate.swift in Sources */,
				043541A12BC4E2AA00D1ED2D /* Extensions.swift in Sources */,
				043541982BC383B600D1ED2D /* NoteEditViewController.swift in Sources */,
				040A73482A64DE4F00ACA108 /* PinkBookTest.xcdatamodeld in Sources */,
				04120EC92B4FBFD60092820B /* PostViewController.swift in Sources */,
				040A73402A64DE4F00ACA108 /* SceneDelegate.swift in Sources */,
				044904BF2B4E68AA00BCD774 /* TabBarViewController.swift in Sources */,
				04503CF22A64EB7500398E3D /* DiscoveryViewController.swift in Sources */,
				04A05F5B2BCF9B3E005AB31C /* LimitedTextView.swift in Sources */,
				04503CF02A64EB5400398E3D /* FollowViewController.swift in Sources */,
				04710F532BD15D2300D80988 /* POIViewController.swift in Sources */,
				04503CF42A64EB8C00398E3D /* NearByViewController.swift in Sources */,
				04503CEB2A64E33300398E3D /* HomeViewController.swift in Sources */,
				04D97F2F2BDE14FD00DFE5F7 /* DraftNoteWaterfallCell.swift in Sources */,
				04A05F632BD0EC2C005AB31C /* ChannelViewController.swift in Sources */,
				047BDD632BD5F17A00774027 /* POICell.swift in Sources */,
				04A05F5F2BCFB5AE005AB31C /* TextViewAccessoryView.swift in Sources */,
				0435419A2BC384A700D1ED2D /* PhotoItem.swift in Sources */,
				04503CF82A64F7AD00398E3D /* WaterfallCollectionViewController.swift in Sources */,
				04503CEE2A64E60500398E3D /* ColorExtension.swift in Sources */,
				04503CF62A64ED1C00398E3D /* Constants.swift in Sources */,
			);
			runOnlyForDeploymentPostprocessing = 0;
		};
/* End PBXSourcesBuildPhase section */

/* Begin PBXVariantGroup section */
		040A73432A64DE4F00ACA108 /* Main.storyboard */ = {
			isa = PBXVariantGroup;
			children = (
				040A73442A64DE4F00ACA108 /* Base */,
				04120ECA2B4FC8A50092820B /* zh-Hans */,
			);
			name = Main.storyboard;
			sourceTree = "<group>";
		};
		040A734B2A64DE5000ACA108 /* LaunchScreen.storyboard */ = {
			isa = PBXVariantGroup;
			children = (
				040A734C2A64DE5000ACA108 /* Base */,
				04120ECB2B4FC8A50092820B /* zh-Hans */,
			);
			name = LaunchScreen.storyboard;
			sourceTree = "<group>";
		};
/* End PBXVariantGroup section */

/* Begin XCBuildConfiguration section */
		040A734F2A64DE5000ACA108 /* Debug */ = {
			isa = XCBuildConfiguration;
			buildSettings = {
				ALWAYS_SEARCH_USER_PATHS = NO;
				CLANG_ANALYZER_LOCALIZABILITY_NONLOCALIZED = YES;
				CLANG_ANALYZER_NONNULL = YES;
				CLANG_ANALYZER_NUMBER_OBJECT_CONVERSION = YES_AGGRESSIVE;
				CLANG_CXX_LANGUAGE_STANDARD = "gnu++20";
				CLANG_ENABLE_MODULES = YES;
				CLANG_ENABLE_OBJC_ARC = YES;
				CLANG_ENABLE_OBJC_WEAK = YES;
				CLANG_WARN_BLOCK_CAPTURE_AUTORELEASING = YES;
				CLANG_WARN_BOOL_CONVERSION = YES;
				CLANG_WARN_COMMA = YES;
				CLANG_WARN_CONSTANT_CONVERSION = YES;
				CLANG_WARN_DEPRECATED_OBJC_IMPLEMENTATIONS = YES;
				CLANG_WARN_DIRECT_OBJC_ISA_USAGE = YES_ERROR;
				CLANG_WARN_DOCUMENTATION_COMMENTS = YES;
				CLANG_WARN_EMPTY_BODY = YES;
				CLANG_WARN_ENUM_CONVERSION = YES;
				CLANG_WARN_INFINITE_RECURSION = YES;
				CLANG_WARN_INT_CONVERSION = YES;
				CLANG_WARN_NON_LITERAL_NULL_CONVERSION = YES;
				CLANG_WARN_OBJC_IMPLICIT_RETAIN_SELF = YES;
				CLANG_WARN_OBJC_LITERAL_CONVERSION = YES;
				CLANG_WARN_OBJC_ROOT_CLASS = YES_ERROR;
				CLANG_WARN_QUOTED_INCLUDE_IN_FRAMEWORK_HEADER = YES;
				CLANG_WARN_RANGE_LOOP_ANALYSIS = YES;
				CLANG_WARN_STRICT_PROTOTYPES = YES;
				CLANG_WARN_SUSPICIOUS_MOVE = YES;
				CLANG_WARN_UNGUARDED_AVAILABILITY = YES_AGGRESSIVE;
				CLANG_WARN_UNREACHABLE_CODE = YES;
				CLANG_WARN__DUPLICATE_METHOD_MATCH = YES;
				COPY_PHASE_STRIP = NO;
				DEBUG_INFORMATION_FORMAT = dwarf;
				ENABLE_STRICT_OBJC_MSGSEND = YES;
				ENABLE_TESTABILITY = YES;
				ENABLE_USER_SCRIPT_SANDBOXING = YES;
				GCC_C_LANGUAGE_STANDARD = gnu11;
				GCC_DYNAMIC_NO_PIC = NO;
				GCC_NO_COMMON_BLOCKS = YES;
				GCC_OPTIMIZATION_LEVEL = 0;
				GCC_PREPROCESSOR_DEFINITIONS = (
					"DEBUG=1",
					"$(inherited)",
				);
				GCC_WARN_64_TO_32_BIT_CONVERSION = YES;
				GCC_WARN_ABOUT_RETURN_TYPE = YES_ERROR;
				GCC_WARN_UNDECLARED_SELECTOR = YES;
				GCC_WARN_UNINITIALIZED_AUTOS = YES_AGGRESSIVE;
				GCC_WARN_UNUSED_FUNCTION = YES;
				GCC_WARN_UNUSED_VARIABLE = YES;
				IPHONEOS_DEPLOYMENT_TARGET = 16.4;
				MTL_ENABLE_DEBUG_INFO = INCLUDE_SOURCE;
				MTL_FAST_MATH = YES;
				ONLY_ACTIVE_ARCH = YES;
				SDKROOT = iphoneos;
				SWIFT_ACTIVE_COMPILATION_CONDITIONS = DEBUG;
				SWIFT_OPTIMIZATION_LEVEL = "-Onone";
			};
			name = Debug;
		};
		040A73502A64DE5000ACA108 /* Release */ = {
			isa = XCBuildConfiguration;
			buildSettings = {
				ALWAYS_SEARCH_USER_PATHS = NO;
				CLANG_ANALYZER_LOCALIZABILITY_NONLOCALIZED = YES;
				CLANG_ANALYZER_NONNULL = YES;
				CLANG_ANALYZER_NUMBER_OBJECT_CONVERSION = YES_AGGRESSIVE;
				CLANG_CXX_LANGUAGE_STANDARD = "gnu++20";
				CLANG_ENABLE_MODULES = YES;
				CLANG_ENABLE_OBJC_ARC = YES;
				CLANG_ENABLE_OBJC_WEAK = YES;
				CLANG_WARN_BLOCK_CAPTURE_AUTORELEASING = YES;
				CLANG_WARN_BOOL_CONVERSION = YES;
				CLANG_WARN_COMMA = YES;
				CLANG_WARN_CONSTANT_CONVERSION = YES;
				CLANG_WARN_DEPRECATED_OBJC_IMPLEMENTATIONS = YES;
				CLANG_WARN_DIRECT_OBJC_ISA_USAGE = YES_ERROR;
				CLANG_WARN_DOCUMENTATION_COMMENTS = YES;
				CLANG_WARN_EMPTY_BODY = YES;
				CLANG_WARN_ENUM_CONVERSION = YES;
				CLANG_WARN_INFINITE_RECURSION = YES;
				CLANG_WARN_INT_CONVERSION = YES;
				CLANG_WARN_NON_LITERAL_NULL_CONVERSION = YES;
				CLANG_WARN_OBJC_IMPLICIT_RETAIN_SELF = YES;
				CLANG_WARN_OBJC_LITERAL_CONVERSION = YES;
				CLANG_WARN_OBJC_ROOT_CLASS = YES_ERROR;
				CLANG_WARN_QUOTED_INCLUDE_IN_FRAMEWORK_HEADER = YES;
				CLANG_WARN_RANGE_LOOP_ANALYSIS = YES;
				CLANG_WARN_STRICT_PROTOTYPES = YES;
				CLANG_WARN_SUSPICIOUS_MOVE = YES;
				CLANG_WARN_UNGUARDED_AVAILABILITY = YES_AGGRESSIVE;
				CLANG_WARN_UNREACHABLE_CODE = YES;
				CLANG_WARN__DUPLICATE_METHOD_MATCH = YES;
				COPY_PHASE_STRIP = NO;
				DEBUG_INFORMATION_FORMAT = "dwarf-with-dsym";
				ENABLE_NS_ASSERTIONS = NO;
				ENABLE_STRICT_OBJC_MSGSEND = YES;
				ENABLE_USER_SCRIPT_SANDBOXING = YES;
				GCC_C_LANGUAGE_STANDARD = gnu11;
				GCC_NO_COMMON_BLOCKS = YES;
				GCC_WARN_64_TO_32_BIT_CONVERSION = YES;
				GCC_WARN_ABOUT_RETURN_TYPE = YES_ERROR;
				GCC_WARN_UNDECLARED_SELECTOR = YES;
				GCC_WARN_UNINITIALIZED_AUTOS = YES_AGGRESSIVE;
				GCC_WARN_UNUSED_FUNCTION = YES;
				GCC_WARN_UNUSED_VARIABLE = YES;
				IPHONEOS_DEPLOYMENT_TARGET = 16.4;
				MTL_ENABLE_DEBUG_INFO = NO;
				MTL_FAST_MATH = YES;
				SDKROOT = iphoneos;
				SWIFT_COMPILATION_MODE = wholemodule;
				SWIFT_OPTIMIZATION_LEVEL = "-O";
				VALIDATE_PRODUCT = YES;
			};
			name = Release;
		};
		040A73522A64DE5000ACA108 /* Debug */ = {
			isa = XCBuildConfiguration;
			baseConfigurationReference = 03F5F096C945B670865C314C /* Pods-PinkBookTest.debug.xcconfig */;
			buildSettings = {
				ASSETCATALOG_COMPILER_APPICON_NAME = AppIcon;
				ASSETCATALOG_COMPILER_GLOBAL_ACCENT_COLOR_NAME = AccentColor;
				CODE_SIGN_STYLE = Automatic;
				CURRENT_PROJECT_VERSION = 1;
				DEVELOPMENT_TEAM = 7DR2VQYR3G;
				ENABLE_USER_SCRIPT_SANDBOXING = NO;
				GENERATE_INFOPLIST_FILE = YES;
				INFOPLIST_FILE = PinkBookTest/Info.plist;
				INFOPLIST_KEY_NSCameraUsageDescription = "打开后可以拍照照片和视频";
				INFOPLIST_KEY_NSMicrophoneUsageDescription = "打开后可以录制声音";
				INFOPLIST_KEY_NSPhotoLibraryAddUsageDescription = "打开后可以保存图片和视频";
				INFOPLIST_KEY_NSPhotoLibraryUsageDescription = "打开后可以拍照照片和视频";
				INFOPLIST_KEY_UIApplicationSupportsIndirectInputEvents = YES;
				INFOPLIST_KEY_UILaunchStoryboardName = LaunchScreen;
				INFOPLIST_KEY_UIMainStoryboardFile = Main;
				INFOPLIST_KEY_UISupportedInterfaceOrientations_iPad = "UIInterfaceOrientationPortrait UIInterfaceOrientationPortraitUpsideDown UIInterfaceOrientationLandscapeLeft UIInterfaceOrientationLandscapeRight";
				INFOPLIST_KEY_UISupportedInterfaceOrientations_iPhone = "UIInterfaceOrientationPortrait UIInterfaceOrientationLandscapeLeft UIInterfaceOrientationLandscapeRight";
				LD_RUNPATH_SEARCH_PATHS = (
					"$(inherited)",
					"@executable_path/Frameworks",
				);
				MARKETING_VERSION = 1.0;
				PRODUCT_BUNDLE_IDENTIFIER = com.beidixiaoxiong.PinkBookTest;
				PRODUCT_NAME = "$(TARGET_NAME)";
				SUPPORTED_PLATFORMS = "iphoneos iphonesimulator";
				SUPPORTS_MACCATALYST = NO;
				SUPPORTS_MAC_DESIGNED_FOR_IPHONE_IPAD = NO;
				SWIFT_EMIT_LOC_STRINGS = YES;
				SWIFT_OBJC_BRIDGING_HEADER = "PinkBookTest/PinkBookTest-Bridging-Header.h";
				SWIFT_VERSION = 5.0;
				TARGETED_DEVICE_FAMILY = 1;
			};
			name = Debug;
		};
		040A73532A64DE5000ACA108 /* Release */ = {
			isa = XCBuildConfiguration;
			baseConfigurationReference = 0D4405C302770CF9B31FC395 /* Pods-PinkBookTest.release.xcconfig */;
			buildSettings = {
				ASSETCATALOG_COMPILER_APPICON_NAME = AppIcon;
				ASSETCATALOG_COMPILER_GLOBAL_ACCENT_COLOR_NAME = AccentColor;
				CODE_SIGN_STYLE = Automatic;
				CURRENT_PROJECT_VERSION = 1;
				DEVELOPMENT_TEAM = 7DR2VQYR3G;
				ENABLE_USER_SCRIPT_SANDBOXING = NO;
				GENERATE_INFOPLIST_FILE = YES;
				INFOPLIST_FILE = PinkBookTest/Info.plist;
				INFOPLIST_KEY_NSCameraUsageDescription = "打开后可以拍照照片和视频";
				INFOPLIST_KEY_NSMicrophoneUsageDescription = "打开后可以录制声音";
				INFOPLIST_KEY_NSPhotoLibraryAddUsageDescription = "打开后可以保存图片和视频";
				INFOPLIST_KEY_NSPhotoLibraryUsageDescription = "打开后可以拍照照片和视频";
				INFOPLIST_KEY_UIApplicationSupportsIndirectInputEvents = YES;
				INFOPLIST_KEY_UILaunchStoryboardName = LaunchScreen;
				INFOPLIST_KEY_UIMainStoryboardFile = Main;
				INFOPLIST_KEY_UISupportedInterfaceOrientations_iPad = "UIInterfaceOrientationPortrait UIInterfaceOrientationPortraitUpsideDown UIInterfaceOrientationLandscapeLeft UIInterfaceOrientationLandscapeRight";
				INFOPLIST_KEY_UISupportedInterfaceOrientations_iPhone = "UIInterfaceOrientationPortrait UIInterfaceOrientationLandscapeLeft UIInterfaceOrientationLandscapeRight";
				LD_RUNPATH_SEARCH_PATHS = (
					"$(inherited)",
					"@executable_path/Frameworks",
				);
				MARKETING_VERSION = 1.0;
				PRODUCT_BUNDLE_IDENTIFIER = com.beidixiaoxiong.PinkBookTest;
				PRODUCT_NAME = "$(TARGET_NAME)";
				SUPPORTED_PLATFORMS = "iphoneos iphonesimulator";
				SUPPORTS_MACCATALYST = NO;
				SUPPORTS_MAC_DESIGNED_FOR_IPHONE_IPAD = NO;
				SWIFT_EMIT_LOC_STRINGS = YES;
				SWIFT_OBJC_BRIDGING_HEADER = "PinkBookTest/PinkBookTest-Bridging-Header.h";
				SWIFT_VERSION = 5.0;
				TARGETED_DEVICE_FAMILY = 1;
			};
			name = Release;
		};
/* End XCBuildConfiguration section */

/* Begin XCConfigurationList section */
		040A73352A64DE4F00ACA108 /* Build configuration list for PBXProject "PinkBookTest" */ = {
			isa = XCConfigurationList;
			buildConfigurations = (
				040A734F2A64DE5000ACA108 /* Debug */,
				040A73502A64DE5000ACA108 /* Release */,
			);
			defaultConfigurationIsVisible = 0;
			defaultConfigurationName = Release;
		};
		040A73512A64DE5000ACA108 /* Build configuration list for PBXNativeTarget "PinkBookTest" */ = {
			isa = XCConfigurationList;
			buildConfigurations = (
				040A73522A64DE5000ACA108 /* Debug */,
				040A73532A64DE5000ACA108 /* Release */,
			);
			defaultConfigurationIsVisible = 0;
			defaultConfigurationName = Release;
		};
/* End XCConfigurationList section */

/* Begin XCVersionGroup section */
		040A73462A64DE4F00ACA108 /* PinkBookTest.xcdatamodeld */ = {
			isa = XCVersionGroup;
			children = (
				040A73472A64DE4F00ACA108 /* PinkBookTest.xcdatamodel */,
			);
			currentVersion = 040A73472A64DE4F00ACA108 /* PinkBookTest.xcdatamodel */;
			path = PinkBookTest.xcdatamodeld;
			sourceTree = "<group>";
			versionGroupType = wrapper.xcdatamodel;
		};
/* End XCVersionGroup section */
	};
	rootObject = 040A73322A64DE4F00ACA108 /* Project object */;
}
